
Microsoft Visual Studio Solution File, Format Version 12.00
# Visual Studio 15
VisualStudioVersion = 15.0.28307.421
MinimumVisualStudioVersion = 10.0.40219.1
Project("{FAE04EC0-301F-11D3-BF4B-00C04F79EFBC}") = "final_project_back_end", "final_project_back_end\final_project_back_end.csproj", "{AA562DA5-A0FB-44F4-B1B5-8A876477B1F9}"
EndProject
Project("{FAE04EC0-301F-11D3-BF4B-00C04F79EFBC}") = "Entity", "Entity\Entity.csproj", "{13804ADB-104C-4167-9552-27130E6B3BF8}"
EndProject
Project("{FAE04EC0-301F-11D3-BF4B-00C04F79EFBC}") = "Services", "Services\Services.csproj", "{0B0DE1B0-E448-44F0-998A-FEC724F8DFC8}"
EndProject
Global
	GlobalSection(SolutionConfigurationPlatforms) = preSolution
		Debug|Any CPU = Debug|Any CPU
		Debug|x86 = Debug|x86
		Release|Any CPU = Release|Any CPU
		Release|x86 = Release|x86
	EndGlobalSection
	GlobalSection(ProjectConfigurationPlatforms) = postSolution
		{AA562DA5-A0FB-44F4-B1B5-8A876477B1F9}.Debug|Any CPU.ActiveCfg = Debug|Any CPU
		{AA562DA5-A0FB-44F4-B1B5-8A876477B1F9}.Debug|Any CPU.Build.0 = Debug|Any CPU
		{AA562DA5-A0FB-44F4-B1B5-8A876477B1F9}.Debug|x86.ActiveCfg = Debug|x86
		{AA562DA5-A0FB-44F4-B1B5-8A876477B1F9}.Debug|x86.Build.0 = Debug|x86
		{AA562DA5-A0FB-44F4-B1B5-8A876477B1F9}.Release|Any CPU.ActiveCfg = Release|Any CPU
		{AA562DA5-A0FB-44F4-B1B5-8A876477B1F9}.Release|Any CPU.Build.0 = Release|Any CPU
		{AA562DA5-A0FB-44F4-B1B5-8A876477B1F9}.Release|x86.ActiveCfg = Release|x86
		{AA562DA5-A0FB-44F4-B1B5-8A876477B1F9}.Release|x86.Build.0 = Release|x86
		{13804ADB-104C-4167-9552-27130E6B3BF8}.Debug|Any CPU.ActiveCfg = Debug|Any CPU
		{13804ADB-104C-4167-9552-27130E6B3BF8}.Debug|Any CPU.Build.0 = Debug|Any CPU
		{13804ADB-104C-4167-9552-27130E6B3BF8}.Debug|x86.ActiveCfg = Debug|Any CPU
		{13804ADB-104C-4167-9552-27130E6B3BF8}.Debug|x86.Build.0 = Debug|Any CPU
		{13804ADB-104C-4167-9552-27130E6B3BF8}.Release|Any CPU.ActiveCfg = Release|Any CPU
		{13804ADB-104C-4167-9552-27130E6B3BF8}.Release|Any CPU.Build.0 = Release|Any CPU
		{13804ADB-104C-4167-9552-27130E6B3BF8}.Release|x86.ActiveCfg = Release|Any CPU
		{13804ADB-104C-4167-9552-27130E6B3BF8}.Release|x86.Build.0 = Release|Any CPU
		{0B0DE1B0-E448-44F0-998A-FEC724F8DFC8}.Debug|Any CPU.ActiveCfg = Debug|Any CPU
		{0B0DE1B0-E448-44F0-998A-FEC724F8DFC8}.Debug|Any CPU.Build.0 = Debug|Any CPU
		{0B0DE1B0-E448-44F0-998A-FEC724F8DFC8}.Debug|x86.ActiveCfg = Debug|Any CPU
		{0B0DE1B0-E448-44F0-998A-FEC724F8DFC8}.Debug|x86.Build.0 = Debug|Any CPU
		{0B0DE1B0-E448-44F0-998A-FEC724F8DFC8}.Release|Any CPU.ActiveCfg = Release|Any CPU
		{0B0DE1B0-E448-44F0-998A-FEC724F8DFC8}.Release|Any CPU.Build.0 = Release|Any CPU
		{0B0DE1B0-E448-44F0-998A-FEC724F8DFC8}.Release|x86.ActiveCfg = Release|Any CPU
		{0B0DE1B0-E448-44F0-998A-FEC724F8DFC8}.Release|x86.Build.0 = Release|Any CPU
	EndGlobalSection
	GlobalSection(SolutionProperties) = preSolution
		HideSolutionNode = FALSE
	EndGlobalSection
	GlobalSection(ExtensibilityGlobals) = postSolution
		SolutionGuid = {E05B54BF-4A03-448D-98ED-60EBDE73920D}
	EndGlobalSection
EndGlobal
